
Microsoft Visual Studio Solution File, Format Version 12.00
# Visual Studio 2012
Project("{FAE04EC0-301F-11D3-BF4B-00C04F79EFBC}") = "FlowerProject", "FlowerProject\FlowerProject.csproj", "{9EA86E4B-1700-4175-9242-5B601973D60D}"
EndProject
Global
	GlobalSection(SolutionConfigurationPlatforms) = preSolution
		Debug|Any CPU = Debug|Any CPU
		Release|Any CPU = Release|Any CPU
	EndGlobalSection
	GlobalSection(ProjectConfigurationPlatforms) = postSolution
		{9EA86E4B-1700-4175-9242-5B601973D60D}.Debug|Any CPU.ActiveCfg = Debug|Any CPU
		{9EA86E4B-1700-4175-9242-5B601973D60D}.Debug|Any CPU.Build.0 = Debug|Any CPU
		{9EA86E4B-1700-4175-9242-5B601973D60D}.Release|Any CPU.ActiveCfg = Release|Any CPU
		{9EA86E4B-1700-4175-9242-5B601973D60D}.Release|Any CPU.Build.0 = Release|Any CPU
	EndGlobalSection
	GlobalSection(SolutionProperties) = preSolution
		HideSolutionNode = FALSE
	EndGlobalSection
EndGlobal
