
Microsoft Visual Studio Solution File, Format Version 12.00
# Visual Studio Version 17
VisualStudioVersion = 17.1.32407.343
MinimumVisualStudioVersion = 10.0.40219.1
Project("{FAE04EC0-301F-11D3-BF4B-00C04F79EFBC}") = "Board", "Board\Board.csproj", "{0D405B7E-499F-4CF5-9E98-CF1ACECEDFB6}"
EndProject
Global
	GlobalSection(SolutionConfigurationPlatforms) = preSolution
		Debug|Any CPU = Debug|Any CPU
		Release|Any CPU = Release|Any CPU
	EndGlobalSection
	GlobalSection(ProjectConfigurationPlatforms) = postSolution
		{0D405B7E-499F-4CF5-9E98-CF1ACECEDFB6}.Debug|Any CPU.ActiveCfg = Debug|Any CPU
		{0D405B7E-499F-4CF5-9E98-CF1ACECEDFB6}.Debug|Any CPU.Build.0 = Debug|Any CPU
		{0D405B7E-499F-4CF5-9E98-CF1ACECEDFB6}.Release|Any CPU.ActiveCfg = Release|Any CPU
		{0D405B7E-499F-4CF5-9E98-CF1ACECEDFB6}.Release|Any CPU.Build.0 = Release|Any CPU
	EndGlobalSection
	GlobalSection(SolutionProperties) = preSolution
		HideSolutionNode = FALSE
	EndGlobalSection
	GlobalSection(ExtensibilityGlobals) = postSolution
		SolutionGuid = {EF97BF88-3B9D-48BF-9775-4D6722645A3D}
	EndGlobalSection
EndGlobal
