
Microsoft Visual Studio Solution File, Format Version 12.00
# Visual Studio Version 17
VisualStudioVersion = 17.1.32407.343
MinimumVisualStudioVersion = 10.0.40219.1
Project("{FAE04EC0-301F-11D3-BF4B-00C04F79EFBC}") = "Organization", "Organization\Organization.csproj", "{48F3499D-1B21-4544-A7DC-98957883B162}"
EndProject
Global
	GlobalSection(SolutionConfigurationPlatforms) = preSolution
		Debug|Any CPU = Debug|Any CPU
		Release|Any CPU = Release|Any CPU
	EndGlobalSection
	GlobalSection(ProjectConfigurationPlatforms) = postSolution
		{48F3499D-1B21-4544-A7DC-98957883B162}.Debug|Any CPU.ActiveCfg = Debug|Any CPU
		{48F3499D-1B21-4544-A7DC-98957883B162}.Debug|Any CPU.Build.0 = Debug|Any CPU
		{48F3499D-1B21-4544-A7DC-98957883B162}.Release|Any CPU.ActiveCfg = Release|Any CPU
		{48F3499D-1B21-4544-A7DC-98957883B162}.Release|Any CPU.Build.0 = Release|Any CPU
	EndGlobalSection
	GlobalSection(SolutionProperties) = preSolution
		HideSolutionNode = FALSE
	EndGlobalSection
	GlobalSection(ExtensibilityGlobals) = postSolution
		SolutionGuid = {6324FB7C-BA3C-4D25-8C50-71041C878A7A}
	EndGlobalSection
EndGlobal
