
Microsoft Visual Studio Solution File, Format Version 12.00
# Visual Studio 2012
Project("{FAE04EC0-301F-11D3-BF4B-00C04F79EFBC}") = "NBA", "NBA\NBA.csproj", "{A281D940-7E0E-4A50-864E-189343A838FC}"
EndProject
Global
	GlobalSection(SolutionConfigurationPlatforms) = preSolution
		Debug|Any CPU = Debug|Any CPU
		Release|Any CPU = Release|Any CPU
	EndGlobalSection
	GlobalSection(ProjectConfigurationPlatforms) = postSolution
		{A281D940-7E0E-4A50-864E-189343A838FC}.Debug|Any CPU.ActiveCfg = Debug|Any CPU
		{A281D940-7E0E-4A50-864E-189343A838FC}.Debug|Any CPU.Build.0 = Debug|Any CPU
		{A281D940-7E0E-4A50-864E-189343A838FC}.Release|Any CPU.ActiveCfg = Release|Any CPU
		{A281D940-7E0E-4A50-864E-189343A838FC}.Release|Any CPU.Build.0 = Release|Any CPU
	EndGlobalSection
	GlobalSection(SolutionProperties) = preSolution
		HideSolutionNode = FALSE
	EndGlobalSection
EndGlobal
