
Microsoft Visual Studio Solution File, Format Version 12.00
# Visual Studio Version 17
VisualStudioVersion = 17.1.32210.238
MinimumVisualStudioVersion = 10.0.40219.1
Project("{FAE04EC0-301F-11D3-BF4B-00C04F79EFBC}") = "Demo", "Demo\Demo.csproj", "{B529B8BE-DFF9-49D9-84D9-F1CB97CA60D3}"
EndProject
Project("{FAE04EC0-301F-11D3-BF4B-00C04F79EFBC}") = "ArrayDemo", "ArrayDemo\ArrayDemo.csproj", "{ECD4D177-2B42-4CFE-B710-BE4D658B14FE}"
EndProject
Project("{FAE04EC0-301F-11D3-BF4B-00C04F79EFBC}") = "MyBack", "..\MyBack\MyBack.csproj", "{874B30E8-DDC4-4D3D-876B-9BA6BB1BAB5F}"
EndProject
Global
	GlobalSection(SolutionConfigurationPlatforms) = preSolution
		Debug|Any CPU = Debug|Any CPU
		Release|Any CPU = Release|Any CPU
	EndGlobalSection
	GlobalSection(ProjectConfigurationPlatforms) = postSolution
		{B529B8BE-DFF9-49D9-84D9-F1CB97CA60D3}.Debug|Any CPU.ActiveCfg = Debug|Any CPU
		{B529B8BE-DFF9-49D9-84D9-F1CB97CA60D3}.Debug|Any CPU.Build.0 = Debug|Any CPU
		{B529B8BE-DFF9-49D9-84D9-F1CB97CA60D3}.Release|Any CPU.ActiveCfg = Release|Any CPU
		{B529B8BE-DFF9-49D9-84D9-F1CB97CA60D3}.Release|Any CPU.Build.0 = Release|Any CPU
		{ECD4D177-2B42-4CFE-B710-BE4D658B14FE}.Debug|Any CPU.ActiveCfg = Debug|Any CPU
		{ECD4D177-2B42-4CFE-B710-BE4D658B14FE}.Debug|Any CPU.Build.0 = Debug|Any CPU
		{ECD4D177-2B42-4CFE-B710-BE4D658B14FE}.Release|Any CPU.ActiveCfg = Release|Any CPU
		{ECD4D177-2B42-4CFE-B710-BE4D658B14FE}.Release|Any CPU.Build.0 = Release|Any CPU
		{874B30E8-DDC4-4D3D-876B-9BA6BB1BAB5F}.Debug|Any CPU.ActiveCfg = Debug|Any CPU
		{874B30E8-DDC4-4D3D-876B-9BA6BB1BAB5F}.Debug|Any CPU.Build.0 = Debug|Any CPU
		{874B30E8-DDC4-4D3D-876B-9BA6BB1BAB5F}.Release|Any CPU.ActiveCfg = Release|Any CPU
		{874B30E8-DDC4-4D3D-876B-9BA6BB1BAB5F}.Release|Any CPU.Build.0 = Release|Any CPU
	EndGlobalSection
	GlobalSection(SolutionProperties) = preSolution
		HideSolutionNode = FALSE
	EndGlobalSection
	GlobalSection(ExtensibilityGlobals) = postSolution
		SolutionGuid = {6036DD0A-69F1-432F-8A42-9A385E39D3BF}
	EndGlobalSection
EndGlobal
