
Microsoft Visual Studio Solution File, Format Version 12.00
# Visual Studio 2012
Project("{FAE04EC0-301F-11D3-BF4B-00C04F79EFBC}") = "NewNum", "NewNum\NewNum.csproj", "{AFF48DF7-2F6E-4734-AC5A-53303FA71512}"
EndProject
Global
	GlobalSection(SolutionConfigurationPlatforms) = preSolution
		Debug|Any CPU = Debug|Any CPU
		Release|Any CPU = Release|Any CPU
	EndGlobalSection
	GlobalSection(ProjectConfigurationPlatforms) = postSolution
		{AFF48DF7-2F6E-4734-AC5A-53303FA71512}.Debug|Any CPU.ActiveCfg = Debug|Any CPU
		{AFF48DF7-2F6E-4734-AC5A-53303FA71512}.Debug|Any CPU.Build.0 = Debug|Any CPU
		{AFF48DF7-2F6E-4734-AC5A-53303FA71512}.Release|Any CPU.ActiveCfg = Release|Any CPU
		{AFF48DF7-2F6E-4734-AC5A-53303FA71512}.Release|Any CPU.Build.0 = Release|Any CPU
	EndGlobalSection
	GlobalSection(SolutionProperties) = preSolution
		HideSolutionNode = FALSE
	EndGlobalSection
EndGlobal
